
Microsoft Visual Studio Solution File, Format Version 12.00
# Visual Studio 15
VisualStudioVersion = 15.0.28010.2003
MinimumVisualStudioVersion = 10.0.40219.1
Project("{FAE04EC0-301F-11D3-BF4B-00C04F79EFBC}") = "ConsoleApp1", "ConsoleApp1\ConsoleApp1.csproj", "{FF1A76F7-5532-4ACD-BBAA-F996437800FA}"
EndProject
Global
	GlobalSection(SolutionConfigurationPlatforms) = preSolution
		Debug|Any CPU = Debug|Any CPU
		Release|Any CPU = Release|Any CPU
	EndGlobalSection
	GlobalSection(ProjectConfigurationPlatforms) = postSolution
		{FF1A76F7-5532-4ACD-BBAA-F996437800FA}.Debug|Any CPU.ActiveCfg = Debug|Any CPU
		{FF1A76F7-5532-4ACD-BBAA-F996437800FA}.Debug|Any CPU.Build.0 = Debug|Any CPU
		{FF1A76F7-5532-4ACD-BBAA-F996437800FA}.Release|Any CPU.ActiveCfg = Release|Any CPU
		{FF1A76F7-5532-4ACD-BBAA-F996437800FA}.Release|Any CPU.Build.0 = Release|Any CPU
	EndGlobalSection
	GlobalSection(SolutionProperties) = preSolution
		HideSolutionNode = FALSE
	EndGlobalSection
	GlobalSection(ExtensibilityGlobals) = postSolution
		SolutionGuid = {FD21CAAB-1AB4-4F7C-9FCF-5B95C36142B0}
	EndGlobalSection
EndGlobal
